
Microsoft Visual Studio Solution File, Format Version 12.00
# Visual Studio Version 16
VisualStudioVersion = 16.0.31005.135
MinimumVisualStudioVersion = 10.0.40219.1
Project("{FAE04EC0-301F-11D3-BF4B-00C04F79EFBC}") = "MTConnectSharp", "MTConnectSharp.csproj", "{53990A6E-2994-4BAA-8C51-365239AFF294}"
EndProject
Global
	GlobalSection(SolutionConfigurationPlatforms) = preSolution
		Debug|Any CPU = Debug|Any CPU
		Release|Any CPU = Release|Any CPU
	EndGlobalSection
	GlobalSection(ProjectConfigurationPlatforms) = postSolution
		{53990A6E-2994-4BAA-8C51-365239AFF294}.Debug|Any CPU.ActiveCfg = Debug|Any CPU
		{53990A6E-2994-4BAA-8C51-365239AFF294}.Debug|Any CPU.Build.0 = Debug|Any CPU
		{53990A6E-2994-4BAA-8C51-365239AFF294}.Release|Any CPU.ActiveCfg = Release|Any CPU
		{53990A6E-2994-4BAA-8C51-365239AFF294}.Release|Any CPU.Build.0 = Release|Any CPU
	EndGlobalSection
	GlobalSection(SolutionProperties) = preSolution
		HideSolutionNode = FALSE
	EndGlobalSection
	GlobalSection(ExtensibilityGlobals) = postSolution
		SolutionGuid = {0CF4E344-AEDB-4916-81EC-5F0FCC481179}
	EndGlobalSection
EndGlobal
